// !$*UTF8*$!
{
	archiveVersion = 1;
	classes = {
	};
	objectVersion = 56;
	objects = {

/* Begin PBXBuildFile section */
		94A973D12AB1F6BB00A7ADEF /* practice1App.swift in Sources */ = {isa = PBXBuildFile; fileRef = 94A973D02AB1F6BB00A7ADEF /* practice1App.swift */; };
		94A973D32AB1F6BB00A7ADEF /* ContentView.swift in Sources */ = {isa = PBXBuildFile; fileRef = 94A973D22AB1F6BB00A7ADEF /* ContentView.swift */; };
		94A973D52AB1F6BE00A7ADEF /* Assets.xcassets in Resources */ = {isa = PBXBuildFile; fileRef = 94A973D42AB1F6BE00A7ADEF /* Assets.xcassets */; };
		94A973D82AB1F6BE00A7ADEF /* Preview Assets.xcassets in Resources */ = {isa = PBXBuildFile; fileRef = 94A973D72AB1F6BE00A7ADEF /* Preview Assets.xcassets */; };
		94A973E22AB1F6BE00A7ADEF /* practice1Tests.swift in Sources */ = {isa = PBXBuildFile; fileRef = 94A973E12AB1F6BE00A7ADEF /* practice1Tests.swift */; };
		94A973EC2AB1F6BE00A7ADEF /* practice1UITests.swift in Sources */ = {isa = PBXBuildFile; fileRef = 94A973EB2AB1F6BE00A7ADEF /* practice1UITests.swift */; };
		94A973EE2AB1F6BE00A7ADEF /* practice1UITestsLaunchTests.swift in Sources */ = {isa = PBXBuildFile; fileRef = 94A973ED2AB1F6BE00A7ADEF /* practice1UITestsLaunchTests.swift */; };
/* End PBXBuildFile section */

/* Begin PBXContainerItemProxy section */
		94A973DE2AB1F6BE00A7ADEF /* PBXContainerItemProxy */ = {
			isa = PBXContainerItemProxy;
			containerPortal = 94A973C52AB1F6BB00A7ADEF /* Project object */;
			proxyType = 1;
			remoteGlobalIDString = 94A973CC2AB1F6BB00A7ADEF;
			remoteInfo = practice1;
		};
		94A973E82AB1F6BE00A7ADEF /* PBXContainerItemProxy */ = {
			isa = PBXContainerItemProxy;
			containerPortal = 94A973C52AB1F6BB00A7ADEF /* Project object */;
			proxyType = 1;
			remoteGlobalIDString = 94A973CC2AB1F6BB00A7ADEF;
			remoteInfo = practice1;
		};
/* End PBXContainerItemProxy section */

/* Begin PBXFileReference section */
		94A973CD2AB1F6BB00A7ADEF /* practice1.app */ = {isa = PBXFileReference; explicitFileType = wrapper.application; includeInIndex = 0; path = practice1.app; sourceTree = BUILT_PRODUCTS_DIR; };
		94A973D02AB1F6BB00A7ADEF /* practice1App.swift */ = {isa = PBXFileReference; lastKnownFileType = sourcecode.swift; path = practice1App.swift; sourceTree = "<group>"; };
		94A973D22AB1F6BB00A7ADEF /* ContentView.swift */ = {isa = PBXFileReference; lastKnownFileType = sourcecode.swift; path = ContentView.swift; sourceTree = "<group>"; };
		94A973D42AB1F6BE00A7ADEF /* Assets.xcassets */ = {isa = PBXFileReference; lastKnownFileType = folder.assetcatalog; path = Assets.xcassets; sourceTree = "<group>"; };
		94A973D72AB1F6BE00A7ADEF /* Preview Assets.xcassets */ = {isa = PBXFileReference; lastKnownFileType = folder.assetcatalog; path = "Preview Assets.xcassets"; sourceTree = "<group>"; };
		94A973DD2AB1F6BE00A7ADEF /* practice1Tests.xctest */ = {isa = PBXFileReference; explicitFileType = wrapper.cfbundle; includeInIndex = 0; path = practice1Tests.xctest; sourceTree = BUILT_PRODUCTS_DIR; };
		94A973E12AB1F6BE00A7ADEF /* practice1Tests.swift */ = {isa = PBXFileReference; lastKnownFileType = sourcecode.swift; path = practice1Tests.swift; sourceTree = "<group>"; };
		94A973E72AB1F6BE00A7ADEF /* practice1UITests.xctest */ = {isa = PBXFileReference; explicitFileType = wrapper.cfbundle; includeInIndex = 0; path = practice1UITests.xctest; sourceTree = BUILT_PRODUCTS_DIR; };
		94A973EB2AB1F6BE00A7ADEF /* practice1UITests.swift */ = {isa = PBXFileReference; lastKnownFileType = sourcecode.swift; path = practice1UITests.swift; sourceTree = "<group>"; };
		94A973ED2AB1F6BE00A7ADEF /* practice1UITestsLaunchTests.swift */ = {isa = PBXFileReference; lastKnownFileType = sourcecode.swift; path = practice1UITestsLaunchTests.swift; sourceTree = "<group>"; };
/* End PBXFileReference section */

/* Begin PBXFrameworksBuildPhase section */
		94A973CA2AB1F6BB00A7ADEF /* Frameworks */ = {
			isa = PBXFrameworksBuildPhase;
			buildActionMask = 2147483647;
			files = (
			);
			runOnlyForDeploymentPostprocessing = 0;
		};
		94A973DA2AB1F6BE00A7ADEF /* Frameworks */ = {
			isa = PBXFrameworksBuildPhase;
			buildActionMask = 2147483647;
			files = (
			);
			runOnlyForDeploymentPostprocessing = 0;
		};
		94A973E42AB1F6BE00A7ADEF /* Frameworks */ = {
			isa = PBXFrameworksBuildPhase;
			buildActionMask = 2147483647;
			files = (
			);
			runOnlyForDeploymentPostprocessing = 0;
		};
/* End PBXFrameworksBuildPhase section */

/* Begin PBXGroup section */
		94A973C42AB1F6BB00A7ADEF = {
			isa = PBXGroup;
			children = (
				94A973CF2AB1F6BB00A7ADEF /* practice1 */,
				94A973E02AB1F6BE00A7ADEF /* practice1Tests */,
				94A973EA2AB1F6BE00A7ADEF /* practice1UITests */,
				94A973CE2AB1F6BB00A7ADEF /* Products */,
			);
			sourceTree = "<group>";
		};
		94A973CE2AB1F6BB00A7ADEF /* Products */ = {
			isa = PBXGroup;
			children = (
				94A973CD2AB1F6BB00A7ADEF /* practice1.app */,
				94A973DD2AB1F6BE00A7ADEF /* practice1Tests.xctest */,
				94A973E72AB1F6BE00A7ADEF /* practice1UITests.xctest */,
			);
			name = Products;
			sourceTree = "<group>";
		};
		94A973CF2AB1F6BB00A7ADEF /* practice1 */ = {
			isa = PBXGroup;
			children = (
				94A973D02AB1F6BB00A7ADEF /* practice1App.swift */,
				94A973D22AB1F6BB00A7ADEF /* ContentView.swift */,
				94A973D42AB1F6BE00A7ADEF /* Assets.xcassets */,
				94A973D62AB1F6BE00A7ADEF /* Preview Content */,
			);
			path = practice1;
			sourceTree = "<group>";
		};
		94A973D62AB1F6BE00A7ADEF /* Preview Content */ = {
			isa = PBXGroup;
			children = (
				94A973D72AB1F6BE00A7ADEF /* Preview Assets.xcassets */,
			);
			path = "Preview Content";
			sourceTree = "<group>";
		};
		94A973E02AB1F6BE00A7ADEF /* practice1Tests */ = {
			isa = PBXGroup;
			children = (
				94A973E12AB1F6BE00A7ADEF /* practice1Tests.swift */,
			);
			path = practice1Tests;
			sourceTree = "<group>";
		};
		94A973EA2AB1F6BE00A7ADEF /* practice1UITests */ = {
			isa = PBXGroup;
			children = (
				94A973EB2AB1F6BE00A7ADEF /* practice1UITests.swift */,
				94A973ED2AB1F6BE00A7ADEF /* practice1UITestsLaunchTests.swift */,
			);
			path = practice1UITests;
			sourceTree = "<group>";
		};
/* End PBXGroup section */

/* Begin PBXNativeTarget section */
		94A973CC2AB1F6BB00A7ADEF /* practice1 */ = {
			isa = PBXNativeTarget;
			buildConfigurationList = 94A973F12AB1F6BE00A7ADEF /* Build configuration list for PBXNativeTarget "practice1" */;
			buildPhases = (
				94A973C92AB1F6BB00A7ADEF /* Sources */,
				94A973CA2AB1F6BB00A7ADEF /* Frameworks */,
				94A973CB2AB1F6BB00A7ADEF /* Resources */,
			);
			buildRules = (
			);
			dependencies = (
			);
			name = practice1;
			productName = practice1;
			productReference = 94A973CD2AB1F6BB00A7ADEF /* practice1.app */;
			productType = "com.apple.product-type.application";
		};
		94A973DC2AB1F6BE00A7ADEF /* practice1Tests */ = {
			isa = PBXNativeTarget;
			buildConfigurationList = 94A973F42AB1F6BE00A7ADEF /* Build configuration list for PBXNativeTarget "practice1Tests" */;
			buildPhases = (
				94A973D92AB1F6BE00A7ADEF /* Sources */,
				94A973DA2AB1F6BE00A7ADEF /* Frameworks */,
				94A973DB2AB1F6BE00A7ADEF /* Resources */,
			);
			buildRules = (
			);
			dependencies = (
				94A973DF2AB1F6BE00A7ADEF /* PBXTargetDependency */,
			);
			name = practice1Tests;
			productName = practice1Tests;
			productReference = 94A973DD2AB1F6BE00A7ADEF /* practice1Tests.xctest */;
			productType = "com.apple.product-type.bundle.unit-test";
		};
		94A973E62AB1F6BE00A7ADEF /* practice1UITests */ = {
			isa = PBXNativeTarget;
			buildConfigurationList = 94A973F72AB1F6BE00A7ADEF /* Build configuration list for PBXNativeTarget "practice1UITests" */;
			buildPhases = (
				94A973E32AB1F6BE00A7ADEF /* Sources */,
				94A973E42AB1F6BE00A7ADEF /* Frameworks */,
				94A973E52AB1F6BE00A7ADEF /* Resources */,
			);
			buildRules = (
			);
			dependencies = (
				94A973E92AB1F6BE00A7ADEF /* PBXTargetDependency */,
			);
			name = practice1UITests;
			productName = practice1UITests;
			productReference = 94A973E72AB1F6BE00A7ADEF /* practice1UITests.xctest */;
			productType = "com.apple.product-type.bundle.ui-testing";
		};
/* End PBXNativeTarget section */

/* Begin PBXProject section */
		94A973C52AB1F6BB00A7ADEF /* Project object */ = {
			isa = PBXProject;
			attributes = {
				BuildIndependentTargetsInParallel = 1;
				LastSwiftUpdateCheck = 1430;
				LastUpgradeCheck = 1430;
				TargetAttributes = {
					94A973CC2AB1F6BB00A7ADEF = {
						CreatedOnToolsVersion = 14.3.1;
					};
					94A973DC2AB1F6BE00A7ADEF = {
						CreatedOnToolsVersion = 14.3.1;
						TestTargetID = 94A973CC2AB1F6BB00A7ADEF;
					};
					94A973E62AB1F6BE00A7ADEF = {
						CreatedOnToolsVersion = 14.3.1;
						TestTargetID = 94A973CC2AB1F6BB00A7ADEF;
					};
				};
			};
			buildConfigurationList = 94A973C82AB1F6BB00A7ADEF /* Build configuration list for PBXProject "practice1" */;
			compatibilityVersion = "Xcode 14.0";
			developmentRegion = en;
			hasScannedForEncodings = 0;
			knownRegions = (
				en,
				Base,
			);
			mainGroup = 94A973C42AB1F6BB00A7ADEF;
			productRefGroup = 94A973CE2AB1F6BB00A7ADEF /* Products */;
			projectDirPath = "";
			projectRoot = "";
			targets = (
				94A973CC2AB1F6BB00A7ADEF /* practice1 */,
				94A973DC2AB1F6BE00A7ADEF /* practice1Tests */,
				94A973E62AB1F6BE00A7ADEF /* practice1UITests */,
			);
		};
/* End PBXProject section */

/* Begin PBXResourcesBuildPhase section */
		94A973CB2AB1F6BB00A7ADEF /* Resources */ = {
			isa = PBXResourcesBuildPhase;
			buildActionMask = 2147483647;
			files = (
				94A973D82AB1F6BE00A7ADEF /* Preview Assets.xcassets in Resources */,
				94A973D52AB1F6BE00A7ADEF /* Assets.xcassets in Resources */,
			);
			runOnlyForDeploymentPostprocessing = 0;
		};
		94A973DB2AB1F6BE00A7ADEF /* Resources */ = {
			isa = PBXResourcesBuildPhase;
			buildActionMask = 2147483647;
			files = (
			);
			runOnlyForDeploymentPostprocessing = 0;
		};
		94A973E52AB1F6BE00A7ADEF /* Resources */ = {
			isa = PBXResourcesBuildPhase;
			buildActionMask = 2147483647;
			files = (
			);
			runOnlyForDeploymentPostprocessing = 0;
		};
/* End PBXResourcesBuildPhase section */

/* Begin PBXSourcesBuildPhase section */
		94A973C92AB1F6BB00A7ADEF /* Sources */ = {
			isa = PBXSourcesBuildPhase;
			buildActionMask = 2147483647;
			files = (
				94A973D32AB1F6BB00A7ADEF /* ContentView.swift in Sources */,
				94A973D12AB1F6BB00A7ADEF /* practice1App.swift in Sources */,
			);
			runOnlyForDeploymentPostprocessing = 0;
		};
		94A973D92AB1F6BE00A7ADEF /* Sources */ = {
			isa = PBXSourcesBuildPhase;
			buildActionMask = 2147483647;
			files = (
				94A973E22AB1F6BE00A7ADEF /* practice1Tests.swift in Sources */,
			);
			runOnlyForDeploymentPostprocessing = 0;
		};
		94A973E32AB1F6BE00A7ADEF /* Sources */ = {
			isa = PBXSourcesBuildPhase;
			buildActionMask = 2147483647;
			files = (
				94A973EC2AB1F6BE00A7ADEF /* practice1UITests.swift in Sources */,
				94A973EE2AB1F6BE00A7ADEF /* practice1UITestsLaunchTests.swift in Sources */,
			);
			runOnlyForDeploymentPostprocessing = 0;
		};
/* End PBXSourcesBuildPhase section */

/* Begin PBXTargetDependency section */
		94A973DF2AB1F6BE00A7ADEF /* PBXTargetDependency */ = {
			isa = PBXTargetDependency;
			target = 94A973CC2AB1F6BB00A7ADEF /* practice1 */;
			targetProxy = 94A973DE2AB1F6BE00A7ADEF /* PBXContainerItemProxy */;
		};
		94A973E92AB1F6BE00A7ADEF /* PBXTargetDependency */ = {
			isa = PBXTargetDependency;
			target = 94A973CC2AB1F6BB00A7ADEF /* practice1 */;
			targetProxy = 94A973E82AB1F6BE00A7ADEF /* PBXContainerItemProxy */;
		};
/* End PBXTargetDependency section */

/* Begin XCBuildConfiguration section */
		94A973EF2AB1F6BE00A7ADEF /* Debug */ = {
			isa = XCBuildConfiguration;
			buildSettings = {
				ALWAYS_SEARCH_USER_PATHS = NO;
				CLANG_ANALYZER_NONNULL = YES;
				CLANG_ANALYZER_NUMBER_OBJECT_CONVERSION = YES_AGGRESSIVE;
				CLANG_CXX_LANGUAGE_STANDARD = "gnu++20";
				CLANG_ENABLE_MODULES = YES;
				CLANG_ENABLE_OBJC_ARC = YES;
				CLANG_ENABLE_OBJC_WEAK = YES;
				CLANG_WARN_BLOCK_CAPTURE_AUTORELEASING = YES;
				CLANG_WARN_BOOL_CONVERSION = YES;
				CLANG_WARN_COMMA = YES;
				CLANG_WARN_CONSTANT_CONVERSION = YES;
				CLANG_WARN_DEPRECATED_OBJC_IMPLEMENTATIONS = YES;
				CLANG_WARN_DIRECT_OBJC_ISA_USAGE = YES_ERROR;
				CLANG_WARN_DOCUMENTATION_COMMENTS = YES;
				CLANG_WARN_EMPTY_BODY = YES;
				CLANG_WARN_ENUM_CONVERSION = YES;
				CLANG_WARN_INFINITE_RECURSION = YES;
				CLANG_WARN_INT_CONVERSION = YES;
				CLANG_WARN_NON_LITERAL_NULL_CONVERSION = YES;
				CLANG_WARN_OBJC_IMPLICIT_RETAIN_SELF = YES;
				CLANG_WARN_OBJC_LITERAL_CONVERSION = YES;
				CLANG_WARN_OBJC_ROOT_CLASS = YES_ERROR;
				CLANG_WARN_QUOTED_INCLUDE_IN_FRAMEWORK_HEADER = YES;
				CLANG_WARN_RANGE_LOOP_ANALYSIS = YES;
				CLANG_WARN_STRICT_PROTOTYPES = YES;
				CLANG_WARN_SUSPICIOUS_MOVE = YES;
				CLANG_WARN_UNGUARDED_AVAILABILITY = YES_AGGRESSIVE;
				CLANG_WARN_UNREACHABLE_CODE = YES;
				CLANG_WARN__DUPLICATE_METHOD_MATCH = YES;
				COPY_PHASE_STRIP = NO;
				DEBUG_INFORMATION_FORMAT = dwarf;
				ENABLE_STRICT_OBJC_MSGSEND = YES;
				ENABLE_TESTABILITY = YES;
				GCC_C_LANGUAGE_STANDARD = gnu11;
				GCC_DYNAMIC_NO_PIC = NO;
				GCC_NO_COMMON_BLOCKS = YES;
				GCC_OPTIMIZATION_LEVEL = 0;
				GCC_PREPROCESSOR_DEFINITIONS = (
					"DEBUG=1",
					"$(inherited)",
				);
				GCC_WARN_64_TO_32_BIT_CONVERSION = YES;
				GCC_WARN_ABOUT_RETURN_TYPE = YES_ERROR;
				GCC_WARN_UNDECLARED_SELECTOR = YES;
				GCC_WARN_UNINITIALIZED_AUTOS = YES_AGGRESSIVE;
				GCC_WARN_UNUSED_FUNCTION = YES;
				GCC_WARN_UNUSED_VARIABLE = YES;
				IPHONEOS_DEPLOYMENT_TARGET = 16.4;
				MTL_ENABLE_DEBUG_INFO = INCLUDE_SOURCE;
				MTL_FAST_MATH = YES;
				ONLY_ACTIVE_ARCH = YES;
				SDKROOT = iphoneos;
				SWIFT_ACTIVE_COMPILATION_CONDITIONS = DEBUG;
				SWIFT_OPTIMIZATION_LEVEL = "-Onone";
			};
			name = Debug;
		};
		94A973F02AB1F6BE00A7ADEF /* Release */ = {
			isa = XCBuildConfiguration;
			buildSettings = {
				ALWAYS_SEARCH_USER_PATHS = NO;
				CLANG_ANALYZER_NONNULL = YES;
				CLANG_ANALYZER_NUMBER_OBJECT_CONVERSION = YES_AGGRESSIVE;
				CLANG_CXX_LANGUAGE_STANDARD = "gnu++20";
				CLANG_ENABLE_MODULES = YES;
				CLANG_ENABLE_OBJC_ARC = YES;
				CLANG_ENABLE_OBJC_WEAK = YES;
				CLANG_WARN_BLOCK_CAPTURE_AUTORELEASING = YES;
				CLANG_WARN_BOOL_CONVERSION = YES;
				CLANG_WARN_COMMA = YES;
				CLANG_WARN_CONSTANT_CONVERSION = YES;
				CLANG_WARN_DEPRECATED_OBJC_IMPLEMENTATIONS = YES;
				CLANG_WARN_DIRECT_OBJC_ISA_USAGE = YES_ERROR;
				CLANG_WARN_DOCUMENTATION_COMMENTS = YES;
				CLANG_WARN_EMPTY_BODY = YES;
				CLANG_WARN_ENUM_CONVERSION = YES;
				CLANG_WARN_INFINITE_RECURSION = YES;
				CLANG_WARN_INT_CONVERSION = YES;
				CLANG_WARN_NON_LITERAL_NULL_CONVERSION = YES;
				CLANG_WARN_OBJC_IMPLICIT_RETAIN_SELF = YES;
				CLANG_WARN_OBJC_LITERAL_CONVERSION = YES;
				CLANG_WARN_OBJC_ROOT_CLASS = YES_ERROR;
				CLANG_WARN_QUOTED_INCLUDE_IN_FRAMEWORK_HEADER = YES;
				CLANG_WARN_RANGE_LOOP_ANALYSIS = YES;
				CLANG_WARN_STRICT_PROTOTYPES = YES;
				CLANG_WARN_SUSPICIOUS_MOVE = YES;
				CLANG_WARN_UNGUARDED_AVAILABILITY = YES_AGGRESSIVE;
				CLANG_WARN_UNREACHABLE_CODE = YES;
				CLANG_WARN__DUPLICATE_METHOD_MATCH = YES;
				COPY_PHASE_STRIP = NO;
				DEBUG_INFORMATION_FORMAT = "dwarf-with-dsym";
				ENABLE_NS_ASSERTIONS = NO;
				ENABLE_STRICT_OBJC_MSGSEND = YES;
				GCC_C_LANGUAGE_STANDARD = gnu11;
				GCC_NO_COMMON_BLOCKS = YES;
				GCC_WARN_64_TO_32_BIT_CONVERSION = YES;
				GCC_WARN_ABOUT_RETURN_TYPE = YES_ERROR;
				GCC_WARN_UNDECLARED_SELECTOR = YES;
				GCC_WARN_UNINITIALIZED_AUTOS = YES_AGGRESSIVE;
				GCC_WARN_UNUSED_FUNCTION = YES;
				GCC_WARN_UNUSED_VARIABLE = YES;
				IPHONEOS_DEPLOYMENT_TARGET = 16.4;
				MTL_ENABLE_DEBUG_INFO = NO;
				MTL_FAST_MATH = YES;
				SDKROOT = iphoneos;
				SWIFT_COMPILATION_MODE = wholemodule;
				SWIFT_OPTIMIZATION_LEVEL = "-O";
				VALIDATE_PRODUCT = YES;
			};
			name = Release;
		};
		94A973F22AB1F6BE00A7ADEF /* Debug */ = {
			isa = XCBuildConfiguration;
			buildSettings = {
				ASSETCATALOG_COMPILER_APPICON_NAME = AppIcon;
				ASSETCATALOG_COMPILER_GLOBAL_ACCENT_COLOR_NAME = AccentColor;
				CODE_SIGN_STYLE = Automatic;
				CURRENT_PROJECT_VERSION = 1;
				DEVELOPMENT_ASSET_PATHS = "\"practice1/Preview Content\"";
				ENABLE_PREVIEWS = YES;
				GENERATE_INFOPLIST_FILE = YES;
				INFOPLIST_KEY_UIApplicationSceneManifest_Generation = YES;
				INFOPLIST_KEY_UIApplicationSupportsIndirectInputEvents = YES;
				INFOPLIST_KEY_UILaunchScreen_Generation = YES;
				INFOPLIST_KEY_UISupportedInterfaceOrientations = "UIInterfaceOrientationLandscapeLeft UIInterfaceOrientationLandscapeRight UIInterfaceOrientationPortrait";
				INFOPLIST_KEY_UISupportedInterfaceOrientations_iPad = "UIInterfaceOrientationLandscapeLeft UIInterfaceOrientationLandscapeRight UIInterfaceOrientationPortrait UIInterfaceOrientationPortraitUpsideDown";
				LD_RUNPATH_SEARCH_PATHS = (
					"$(inherited)",
					"@executable_path/Frameworks",
				);
				MARKETING_VERSION = 1.0;
				PRODUCT_BUNDLE_IDENTIFIER = "com.ryanfritsen.api-practice.practice1";
				PRODUCT_NAME = "$(TARGET_NAME)";
				SWIFT_EMIT_LOC_STRINGS = YES;
				SWIFT_VERSION = 5.0;
				TARGETED_DEVICE_FAMILY = "1,2";
			};
			name = Debug;
		};
		94A973F32AB1F6BE00A7ADEF /* Release */ = {
			isa = XCBuildConfiguration;
			buildSettings = {
				ASSETCATALOG_COMPILER_APPICON_NAME = AppIcon;
				ASSETCATALOG_COMPILER_GLOBAL_ACCENT_COLOR_NAME = AccentColor;
				CODE_SIGN_STYLE = Automatic;
				CURRENT_PROJECT_VERSION = 1;
				DEVELOPMENT_ASSET_PATHS = "\"practice1/Preview Content\"";
				ENABLE_PREVIEWS = YES;
				GENERATE_INFOPLIST_FILE = YES;
				INFOPLIST_KEY_UIApplicationSceneManifest_Generation = YES;
				INFOPLIST_KEY_UIApplicationSupportsIndirectInputEvents = YES;
				INFOPLIST_KEY_UILaunchScreen_Generation = YES;
				INFOPLIST_KEY_UISupportedInterfaceOrientations = "UIInterfaceOrientationLandscapeLeft UIInterfaceOrientationLandscapeRight UIInterfaceOrientationPortrait";
				INFOPLIST_KEY_UISupportedInterfaceOrientations_iPad = "UIInterfaceOrientationLandscapeLeft UIInterfaceOrientationLandscapeRight UIInterfaceOrientationPortrait UIInterfaceOrientationPortraitUpsideDown";
				LD_RUNPATH_SEARCH_PATHS = (
					"$(inherited)",
					"@executable_path/Frameworks",
				);
				MARKETING_VERSION = 1.0;
				PRODUCT_BUNDLE_IDENTIFIER = "com.ryanfritsen.api-practice.practice1";
				PRODUCT_NAME = "$(TARGET_NAME)";
				SWIFT_EMIT_LOC_STRINGS = YES;
				SWIFT_VERSION = 5.0;
				TARGETED_DEVICE_FAMILY = "1,2";
			};
			name = Release;
		};
		94A973F52AB1F6BE00A7ADEF /* Debug */ = {
			isa = XCBuildConfiguration;
			buildSettings = {
				ALWAYS_EMBED_SWIFT_STANDARD_LIBRARIES = YES;
				BUNDLE_LOADER = "$(TEST_HOST)";
				CODE_SIGN_STYLE = Automatic;
				CURRENT_PROJECT_VERSION = 1;
				GENERATE_INFOPLIST_FILE = YES;
				IPHONEOS_DEPLOYMENT_TARGET = 16.4;
				MARKETING_VERSION = 1.0;
				PRODUCT_BUNDLE_IDENTIFIER = "com.ryanfritsen.api-practice.practice1Tests";
				PRODUCT_NAME = "$(TARGET_NAME)";
				SWIFT_EMIT_LOC_STRINGS = NO;
				SWIFT_VERSION = 5.0;
				TARGETED_DEVICE_FAMILY = "1,2";
				TEST_HOST = "$(BUILT_PRODUCTS_DIR)/practice1.app/$(BUNDLE_EXECUTABLE_FOLDER_PATH)/practice1";
			};
			name = Debug;
		};
		94A973F62AB1F6BE00A7ADEF /* Release */ = {
			isa = XCBuildConfiguration;
			buildSettings = {
				ALWAYS_EMBED_SWIFT_STANDARD_LIBRARIES = YES;
				BUNDLE_LOADER = "$(TEST_HOST)";
				CODE_SIGN_STYLE = Automatic;
				CURRENT_PROJECT_VERSION = 1;
				GENERATE_INFOPLIST_FILE = YES;
				IPHONEOS_DEPLOYMENT_TARGET = 16.4;
				MARKETING_VERSION = 1.0;
				PRODUCT_BUNDLE_IDENTIFIER = "com.ryanfritsen.api-practice.practice1Tests";
				PRODUCT_NAME = "$(TARGET_NAME)";
				SWIFT_EMIT_LOC_STRINGS = NO;
				SWIFT_VERSION = 5.0;
				TARGETED_DEVICE_FAMILY = "1,2";
				TEST_HOST = "$(BUILT_PRODUCTS_DIR)/practice1.app/$(BUNDLE_EXECUTABLE_FOLDER_PATH)/practice1";
			};
			name = Release;
		};
		94A973F82AB1F6BE00A7ADEF /* Debug */ = {
			isa = XCBuildConfiguration;
			buildSettings = {
				ALWAYS_EMBED_SWIFT_STANDARD_LIBRARIES = YES;
				CODE_SIGN_STYLE = Automatic;
				CURRENT_PROJECT_VERSION = 1;
				GENERATE_INFOPLIST_FILE = YES;
				MARKETING_VERSION = 1.0;
				PRODUCT_BUNDLE_IDENTIFIER = "com.ryanfritsen.api-practice.practice1UITests";
				PRODUCT_NAME = "$(TARGET_NAME)";
				SWIFT_EMIT_LOC_STRINGS = NO;
				SWIFT_VERSION = 5.0;
				TARGETED_DEVICE_FAMILY = "1,2";
				TEST_TARGET_NAME = practice1;
			};
			name = Debug;
		};
		94A973F92AB1F6BE00A7ADEF /* Release */ = {
			isa = XCBuildConfiguration;
			buildSettings = {
				ALWAYS_EMBED_SWIFT_STANDARD_LIBRARIES = YES;
				CODE_SIGN_STYLE = Automatic;
				CURRENT_PROJECT_VERSION = 1;
				GENERATE_INFOPLIST_FILE = YES;
				MARKETING_VERSION = 1.0;
				PRODUCT_BUNDLE_IDENTIFIER = "com.ryanfritsen.api-practice.practice1UITests";
				PRODUCT_NAME = "$(TARGET_NAME)";
				SWIFT_EMIT_LOC_STRINGS = NO;
				SWIFT_VERSION = 5.0;
				TARGETED_DEVICE_FAMILY = "1,2";
				TEST_TARGET_NAME = practice1;
			};
			name = Release;
		};
/* End XCBuildConfiguration section */

/* Begin XCConfigurationList section */
		94A973C82AB1F6BB00A7ADEF /* Build configuration list for PBXProject "practice1" */ = {
			isa = XCConfigurationList;
			buildConfigurations = (
				94A973EF2AB1F6BE00A7ADEF /* Debug */,
				94A973F02AB1F6BE00A7ADEF /* Release */,
			);
			defaultConfigurationIsVisible = 0;
			defaultConfigurationName = Release;
		};
		94A973F12AB1F6BE00A7ADEF /* Build configuration list for PBXNativeTarget "practice1" */ = {
			isa = XCConfigurationList;
			buildConfigurations = (
				94A973F22AB1F6BE00A7ADEF /* Debug */,
				94A973F32AB1F6BE00A7ADEF /* Release */,
			);
			defaultConfigurationIsVisible = 0;
			defaultConfigurationName = Release;
		};
		94A973F42AB1F6BE00A7ADEF /* Build configuration list for PBXNativeTarget "practice1Tests" */ = {
			isa = XCConfigurationList;
			buildConfigurations = (
				94A973F52AB1F6BE00A7ADEF /* Debug */,
				94A973F62AB1F6BE00A7ADEF /* Release */,
			);
			defaultConfigurationIsVisible = 0;
			defaultConfigurationName = Release;
		};
		94A973F72AB1F6BE00A7ADEF /* Build configuration list for PBXNativeTarget "practice1UITests" */ = {
			isa = XCConfigurationList;
			buildConfigurations = (
				94A973F82AB1F6BE00A7ADEF /* Debug */,
				94A973F92AB1F6BE00A7ADEF /* Release */,
			);
			defaultConfigurationIsVisible = 0;
			defaultConfigurationName = Release;
		};
/* End XCConfigurationList section */
	};
	rootObject = 94A973C52AB1F6BB00A7ADEF /* Project object */;
}
